
Microsoft Visual Studio Solution File, Format Version 12.00
# Visual Studio 15
Project("{FAE04EC0-301F-11D3-BF4B-00C04F79EFBC}") = "Assembly-CSharp", "Assembly-CSharp.csproj", "{3F19B325-D9D0-3433-4136-B8273AFF411E}"
EndProject
Project("{FAE04EC0-301F-11D3-BF4B-00C04F79EFBC}") = "UniTask", "UniTask.csproj", "{DD738196-A5A2-4FA7-764A-34BCAC4AA44D}"
EndProject
Project("{FAE04EC0-301F-11D3-BF4B-00C04F79EFBC}") = "UniTask.Linq", "UniTask.Linq.csproj", "{B138E046-147F-375E-3EED-6FA4D06FC848}"
EndProject
Project("{FAE04EC0-301F-11D3-BF4B-00C04F79EFBC}") = "UniTask.TextMeshPro", "UniTask.TextMeshPro.csproj", "{AD5EC0EA-19DC-7AB3-4421-7B1DD80344C7}"
EndProject
Project("{FAE04EC0-301F-11D3-BF4B-00C04F79EFBC}") = "UniTask.DOTween", "UniTask.DOTween.csproj", "{F23B9C9B-F1FD-ECF5-45B8-E48801E60073}"
EndProject
Project("{FAE04EC0-301F-11D3-BF4B-00C04F79EFBC}") = "UniTask.Addressables", "UniTask.Addressables.csproj", "{F3B813EA-0F4F-5AD1-2674-CA627D354355}"
EndProject
Project("{FAE04EC0-301F-11D3-BF4B-00C04F79EFBC}") = "UniTask.Editor", "UniTask.Editor.csproj", "{A126C522-B1F8-562D-D7C6-094CB453472D}"
EndProject
Project("{FAE04EC0-301F-11D3-BF4B-00C04F79EFBC}") = "Assembly-CSharp-Editor", "Assembly-CSharp-Editor.csproj", "{ED878E32-3D06-739D-A10A-08665778F280}"
EndProject
Global
	GlobalSection(SolutionConfigurationPlatforms) = preSolution
		Debug|Any CPU = Debug|Any CPU
		Release|Any CPU = Release|Any CPU
	EndGlobalSection
	GlobalSection(ProjectConfigurationPlatforms) = postSolution
		{3F19B325-D9D0-3433-4136-B8273AFF411E}.Debug|Any CPU.ActiveCfg = Debug|Any CPU
		{3F19B325-D9D0-3433-4136-B8273AFF411E}.Debug|Any CPU.Build.0 = Debug|Any CPU
		{3F19B325-D9D0-3433-4136-B8273AFF411E}.Release|Any CPU.ActiveCfg = Release|Any CPU
		{3F19B325-D9D0-3433-4136-B8273AFF411E}.Release|Any CPU.Build.0 = Release|Any CPU
		{DD738196-A5A2-4FA7-764A-34BCAC4AA44D}.Debug|Any CPU.ActiveCfg = Debug|Any CPU
		{DD738196-A5A2-4FA7-764A-34BCAC4AA44D}.Debug|Any CPU.Build.0 = Debug|Any CPU
		{DD738196-A5A2-4FA7-764A-34BCAC4AA44D}.Release|Any CPU.ActiveCfg = Release|Any CPU
		{DD738196-A5A2-4FA7-764A-34BCAC4AA44D}.Release|Any CPU.Build.0 = Release|Any CPU
		{B138E046-147F-375E-3EED-6FA4D06FC848}.Debug|Any CPU.ActiveCfg = Debug|Any CPU
		{B138E046-147F-375E-3EED-6FA4D06FC848}.Debug|Any CPU.Build.0 = Debug|Any CPU
		{B138E046-147F-375E-3EED-6FA4D06FC848}.Release|Any CPU.ActiveCfg = Release|Any CPU
		{B138E046-147F-375E-3EED-6FA4D06FC848}.Release|Any CPU.Build.0 = Release|Any CPU
		{AD5EC0EA-19DC-7AB3-4421-7B1DD80344C7}.Debug|Any CPU.ActiveCfg = Debug|Any CPU
		{AD5EC0EA-19DC-7AB3-4421-7B1DD80344C7}.Debug|Any CPU.Build.0 = Debug|Any CPU
		{AD5EC0EA-19DC-7AB3-4421-7B1DD80344C7}.Release|Any CPU.ActiveCfg = Release|Any CPU
		{AD5EC0EA-19DC-7AB3-4421-7B1DD80344C7}.Release|Any CPU.Build.0 = Release|Any CPU
		{F23B9C9B-F1FD-ECF5-45B8-E48801E60073}.Debug|Any CPU.ActiveCfg = Debug|Any CPU
		{F23B9C9B-F1FD-ECF5-45B8-E48801E60073}.Debug|Any CPU.Build.0 = Debug|Any CPU
		{F23B9C9B-F1FD-ECF5-45B8-E48801E60073}.Release|Any CPU.ActiveCfg = Release|Any CPU
		{F23B9C9B-F1FD-ECF5-45B8-E48801E60073}.Release|Any CPU.Build.0 = Release|Any CPU
		{F3B813EA-0F4F-5AD1-2674-CA627D354355}.Debug|Any CPU.ActiveCfg = Debug|Any CPU
		{F3B813EA-0F4F-5AD1-2674-CA627D354355}.Debug|Any CPU.Build.0 = Debug|Any CPU
		{F3B813EA-0F4F-5AD1-2674-CA627D354355}.Release|Any CPU.ActiveCfg = Release|Any CPU
		{F3B813EA-0F4F-5AD1-2674-CA627D354355}.Release|Any CPU.Build.0 = Release|Any CPU
		{A126C522-B1F8-562D-D7C6-094CB453472D}.Debug|Any CPU.ActiveCfg = Debug|Any CPU
		{A126C522-B1F8-562D-D7C6-094CB453472D}.Debug|Any CPU.Build.0 = Debug|Any CPU
		{A126C522-B1F8-562D-D7C6-094CB453472D}.Release|Any CPU.ActiveCfg = Release|Any CPU
		{A126C522-B1F8-562D-D7C6-094CB453472D}.Release|Any CPU.Build.0 = Release|Any CPU
		{ED878E32-3D06-739D-A10A-08665778F280}.Debug|Any CPU.ActiveCfg = Debug|Any CPU
		{ED878E32-3D06-739D-A10A-08665778F280}.Debug|Any CPU.Build.0 = Debug|Any CPU
		{ED878E32-3D06-739D-A10A-08665778F280}.Release|Any CPU.ActiveCfg = Release|Any CPU
		{ED878E32-3D06-739D-A10A-08665778F280}.Release|Any CPU.Build.0 = Release|Any CPU
	EndGlobalSection
	GlobalSection(SolutionProperties) = preSolution
		HideSolutionNode = FALSE
	EndGlobalSection
EndGlobal
